
Microsoft Visual Studio Solution File, Format Version 12.00
# Visual Studio Version 17
VisualStudioVersion = 17.6.33815.320
MinimumVisualStudioVersion = 10.0.40219.1
Project("{FAE04EC0-301F-11D3-BF4B-00C04F79EFBC}") = "WpfApp1", "WpfApp1\WpfApp1.csproj", "{FD5D7F0B-0DBB-46A5-B862-F248A817FDDF}"
EndProject
Global
	GlobalSection(SolutionConfigurationPlatforms) = preSolution
		Debug|Any CPU = Debug|Any CPU
		Release|Any CPU = Release|Any CPU
	EndGlobalSection
	GlobalSection(ProjectConfigurationPlatforms) = postSolution
		{FD5D7F0B-0DBB-46A5-B862-F248A817FDDF}.Debug|Any CPU.ActiveCfg = Debug|Any CPU
		{FD5D7F0B-0DBB-46A5-B862-F248A817FDDF}.Debug|Any CPU.Build.0 = Debug|Any CPU
		{FD5D7F0B-0DBB-46A5-B862-F248A817FDDF}.Release|Any CPU.ActiveCfg = Release|Any CPU
		{FD5D7F0B-0DBB-46A5-B862-F248A817FDDF}.Release|Any CPU.Build.0 = Release|Any CPU
	EndGlobalSection
	GlobalSection(SolutionProperties) = preSolution
		HideSolutionNode = FALSE
	EndGlobalSection
	GlobalSection(ExtensibilityGlobals) = postSolution
		SolutionGuid = {0F62F86C-5A3E-4956-A97B-6DC3EFE8B060}
	EndGlobalSection
EndGlobal
